Microsoft Visual Studio Solution File, Format Version 12.00
# Visual Studio Version 17
VisualStudioVersion = 17.5.2.0
MinimumVisualStudioVersion = 10.0.40219.1
Project("{FAE04EC0-301F-11D3-BF4B-00C04F79EFBC}") = "curvela_backend", "curvela_backend.csproj", "{66412C70-04FA-FC1F-EA4A-821AF81CB849}"
EndProject
Global
	GlobalSection(SolutionConfigurationPlatforms) = preSolution
		Debug|Any CPU = Debug|Any CPU
		Release|Any CPU = Release|Any CPU
	EndGlobalSection
	GlobalSection(ProjectConfigurationPlatforms) = postSolution
		{66412C70-04FA-FC1F-EA4A-821AF81CB849}.Debug|Any CPU.ActiveCfg = Debug|Any CPU
		{66412C70-04FA-FC1F-EA4A-821AF81CB849}.Debug|Any CPU.Build.0 = Debug|Any CPU
		{66412C70-04FA-FC1F-EA4A-821AF81CB849}.Release|Any CPU.ActiveCfg = Release|Any CPU
		{66412C70-04FA-FC1F-EA4A-821AF81CB849}.Release|Any CPU.Build.0 = Release|Any CPU
	EndGlobalSection
	GlobalSection(SolutionProperties) = preSolution
		HideSolutionNode = FALSE
	EndGlobalSection
	GlobalSection(ExtensibilityGlobals) = postSolution
		SolutionGuid = {A79FF1A0-EA5D-4F9B-B0CE-3B535387D465}
	EndGlobalSection
EndGlobal
